
Microsoft Visual Studio Solution File, Format Version 12.00
# Visual Studio Version 17
VisualStudioVersion = 17.9.34728.123
MinimumVisualStudioVersion = 10.0.40219.1
Project("{FAE04EC0-301F-11D3-BF4B-00C04F79EFBC}") = "MustacheTest", "MustacheTest\MustacheTest.csproj", "{0DCD2A84-98EB-47E2-8E7D-1158B07E9E6B}"
EndProject
Global
	GlobalSection(SolutionConfigurationPlatforms) = preSolution
		Debug|Any CPU = Debug|Any CPU
		Release|Any CPU = Release|Any CPU
	EndGlobalSection
	GlobalSection(ProjectConfigurationPlatforms) = postSolution
		{0DCD2A84-98EB-47E2-8E7D-1158B07E9E6B}.Debug|Any CPU.ActiveCfg = Debug|Any CPU
		{0DCD2A84-98EB-47E2-8E7D-1158B07E9E6B}.Debug|Any CPU.Build.0 = Debug|Any CPU
		{0DCD2A84-98EB-47E2-8E7D-1158B07E9E6B}.Release|Any CPU.ActiveCfg = Release|Any CPU
		{0DCD2A84-98EB-47E2-8E7D-1158B07E9E6B}.Release|Any CPU.Build.0 = Release|Any CPU
	EndGlobalSection
	GlobalSection(SolutionProperties) = preSolution
		HideSolutionNode = FALSE
	EndGlobalSection
	GlobalSection(ExtensibilityGlobals) = postSolution
		SolutionGuid = {1A29E90E-4433-4632-AD46-AFC39C0ED0E5}
	EndGlobalSection
EndGlobal
